
Microsoft Visual Studio Solution File, Format Version 12.00
# Visual Studio 15
VisualStudioVersion = 15.0.28010.2036
MinimumVisualStudioVersion = 10.0.40219.1
Project("{FAE04EC0-301F-11D3-BF4B-00C04F79EFBC}") = "Data-Structures-Group", "Data-Structures-Group\Data-Structures-Group.csproj", "{00F3BC94-249A-4AE9-9D60-B9E6D4ECD60A}"
EndProject
Global
	GlobalSection(SolutionConfigurationPlatforms) = preSolution
		Debug|Any CPU = Debug|Any CPU
		Release|Any CPU = Release|Any CPU
	EndGlobalSection
	GlobalSection(ProjectConfigurationPlatforms) = postSolution
		{00F3BC94-249A-4AE9-9D60-B9E6D4ECD60A}.Debug|Any CPU.ActiveCfg = Debug|Any CPU
		{00F3BC94-249A-4AE9-9D60-B9E6D4ECD60A}.Debug|Any CPU.Build.0 = Debug|Any CPU
		{00F3BC94-249A-4AE9-9D60-B9E6D4ECD60A}.Release|Any CPU.ActiveCfg = Release|Any CPU
		{00F3BC94-249A-4AE9-9D60-B9E6D4ECD60A}.Release|Any CPU.Build.0 = Release|Any CPU
	EndGlobalSection
	GlobalSection(SolutionProperties) = preSolution
		HideSolutionNode = FALSE
	EndGlobalSection
	GlobalSection(ExtensibilityGlobals) = postSolution
		SolutionGuid = {83B0FE97-0298-4187-B22A-2BCAE6C866C2}
	EndGlobalSection
EndGlobal
